
Microsoft Visual Studio Solution File, Format Version 12.00
# Visual Studio Version 17
VisualStudioVersion = 17.0.31903.59
MinimumVisualStudioVersion = 10.0.40219.1
Project("{FAE04EC0-301F-11D3-BF4B-00C04F79EFBC}") = "DogApp", "DogApp\DogApp.csproj", "{1D279E6D-E7AA-4103-94C3-EA216FEDFA65}"
EndProject
Project("{FAE04EC0-301F-11D3-BF4B-00C04F79EFBC}") = "Tests", "Tests\Tests.csproj", "{F74DAB37-D26F-4040-88B2-485DE373517E}"
EndProject
Global
	GlobalSection(SolutionConfigurationPlatforms) = preSolution
		Debug|Any CPU = Debug|Any CPU
		Release|Any CPU = Release|Any CPU
	EndGlobalSection
	GlobalSection(SolutionProperties) = preSolution
		HideSolutionNode = FALSE
	EndGlobalSection
	GlobalSection(ProjectConfigurationPlatforms) = postSolution
		{1D279E6D-E7AA-4103-94C3-EA216FEDFA65}.Debug|Any CPU.ActiveCfg = Debug|Any CPU
		{1D279E6D-E7AA-4103-94C3-EA216FEDFA65}.Debug|Any CPU.Build.0 = Debug|Any CPU
		{1D279E6D-E7AA-4103-94C3-EA216FEDFA65}.Release|Any CPU.ActiveCfg = Release|Any CPU
		{1D279E6D-E7AA-4103-94C3-EA216FEDFA65}.Release|Any CPU.Build.0 = Release|Any CPU
		{F74DAB37-D26F-4040-88B2-485DE373517E}.Debug|Any CPU.ActiveCfg = Debug|Any CPU
		{F74DAB37-D26F-4040-88B2-485DE373517E}.Debug|Any CPU.Build.0 = Debug|Any CPU
		{F74DAB37-D26F-4040-88B2-485DE373517E}.Release|Any CPU.ActiveCfg = Release|Any CPU
		{F74DAB37-D26F-4040-88B2-485DE373517E}.Release|Any CPU.Build.0 = Release|Any CPU
	EndGlobalSection
EndGlobal
